
Microsoft Visual Studio Solution File, Format Version 12.00
# Visual Studio Version 17
VisualStudioVersion = 17.0.31903.59
MinimumVisualStudioVersion = 10.0.40219.1
Project("{2150E333-8FDC-42A3-9474-1A3956D46DE8}") = "InvarianceDTOandModel", "InvarianceDTOandModel", "{D025F71C-8A82-B725-9BD6-3FCB9FECB1F2}"
EndProject
Project("{FAE04EC0-301F-11D3-BF4B-00C04F79EFBC}") = "ValidateTheNameModelBinding", "InvarianceDTOandModel\ValidateTheNameModelBinding.csproj", "{C73F6C52-0B5C-41EB-804E-1174159750A9}"
EndProject
Project("{FAE04EC0-301F-11D3-BF4B-00C04F79EFBC}") = "Assignment26.Tests", "Assignment26.Tests\Assignment26.Tests.csproj", "{427F213A-6915-460E-B88A-8CE7C9AFD915}"
EndProject
Global
	GlobalSection(SolutionConfigurationPlatforms) = preSolution
		Debug|Any CPU = Debug|Any CPU
		Debug|x64 = Debug|x64
		Debug|x86 = Debug|x86
		Release|Any CPU = Release|Any CPU
		Release|x64 = Release|x64
		Release|x86 = Release|x86
	EndGlobalSection
	GlobalSection(ProjectConfigurationPlatforms) = postSolution
		{C73F6C52-0B5C-41EB-804E-1174159750A9}.Debug|Any CPU.ActiveCfg = Debug|Any CPU
		{C73F6C52-0B5C-41EB-804E-1174159750A9}.Debug|Any CPU.Build.0 = Debug|Any CPU
		{C73F6C52-0B5C-41EB-804E-1174159750A9}.Debug|x64.ActiveCfg = Debug|Any CPU
		{C73F6C52-0B5C-41EB-804E-1174159750A9}.Debug|x64.Build.0 = Debug|Any CPU
		{C73F6C52-0B5C-41EB-804E-1174159750A9}.Debug|x86.ActiveCfg = Debug|Any CPU
		{C73F6C52-0B5C-41EB-804E-1174159750A9}.Debug|x86.Build.0 = Debug|Any CPU
		{C73F6C52-0B5C-41EB-804E-1174159750A9}.Release|Any CPU.ActiveCfg = Release|Any CPU
		{C73F6C52-0B5C-41EB-804E-1174159750A9}.Release|Any CPU.Build.0 = Release|Any CPU
		{C73F6C52-0B5C-41EB-804E-1174159750A9}.Release|x64.ActiveCfg = Release|Any CPU
		{C73F6C52-0B5C-41EB-804E-1174159750A9}.Release|x64.Build.0 = Release|Any CPU
		{C73F6C52-0B5C-41EB-804E-1174159750A9}.Release|x86.ActiveCfg = Release|Any CPU
		{C73F6C52-0B5C-41EB-804E-1174159750A9}.Release|x86.Build.0 = Release|Any CPU
		{427F213A-6915-460E-B88A-8CE7C9AFD915}.Debug|Any CPU.ActiveCfg = Debug|Any CPU
		{427F213A-6915-460E-B88A-8CE7C9AFD915}.Debug|Any CPU.Build.0 = Debug|Any CPU
		{427F213A-6915-460E-B88A-8CE7C9AFD915}.Debug|x64.ActiveCfg = Debug|Any CPU
		{427F213A-6915-460E-B88A-8CE7C9AFD915}.Debug|x64.Build.0 = Debug|Any CPU
		{427F213A-6915-460E-B88A-8CE7C9AFD915}.Debug|x86.ActiveCfg = Debug|Any CPU
		{427F213A-6915-460E-B88A-8CE7C9AFD915}.Debug|x86.Build.0 = Debug|Any CPU
		{427F213A-6915-460E-B88A-8CE7C9AFD915}.Release|Any CPU.ActiveCfg = Release|Any CPU
		{427F213A-6915-460E-B88A-8CE7C9AFD915}.Release|Any CPU.Build.0 = Release|Any CPU
		{427F213A-6915-460E-B88A-8CE7C9AFD915}.Release|x64.ActiveCfg = Release|Any CPU
		{427F213A-6915-460E-B88A-8CE7C9AFD915}.Release|x64.Build.0 = Release|Any CPU
		{427F213A-6915-460E-B88A-8CE7C9AFD915}.Release|x86.ActiveCfg = Release|Any CPU
		{427F213A-6915-460E-B88A-8CE7C9AFD915}.Release|x86.Build.0 = Release|Any CPU
	EndGlobalSection
	GlobalSection(SolutionProperties) = preSolution
		HideSolutionNode = FALSE
	EndGlobalSection
	GlobalSection(NestedProjects) = preSolution
		{C73F6C52-0B5C-41EB-804E-1174159750A9} = {D025F71C-8A82-B725-9BD6-3FCB9FECB1F2}
	EndGlobalSection
EndGlobal
